
Microsoft Visual Studio Solution File, Format Version 12.00
# Visual Studio Version 16
VisualStudioVersion = 16.0.31313.79
MinimumVisualStudioVersion = 10.0.40219.1
Project("{FAE04EC0-301F-11D3-BF4B-00C04F79EFBC}") = "WinAppDriverDemo", "WinAppDriverDemo\WinAppDriverDemo.csproj", "{DFFA8218-F6CE-42EA-8DAF-EA12F99F4B24}"
EndProject
Global
	GlobalSection(SolutionConfigurationPlatforms) = preSolution
		Debug|Any CPU = Debug|Any CPU
		Release|Any CPU = Release|Any CPU
	EndGlobalSection
	GlobalSection(ProjectConfigurationPlatforms) = postSolution
		{DFFA8218-F6CE-42EA-8DAF-EA12F99F4B24}.Debug|Any CPU.ActiveCfg = Debug|Any CPU
		{DFFA8218-F6CE-42EA-8DAF-EA12F99F4B24}.Debug|Any CPU.Build.0 = Debug|Any CPU
		{DFFA8218-F6CE-42EA-8DAF-EA12F99F4B24}.Release|Any CPU.ActiveCfg = Release|Any CPU
		{DFFA8218-F6CE-42EA-8DAF-EA12F99F4B24}.Release|Any CPU.Build.0 = Release|Any CPU
	EndGlobalSection
	GlobalSection(SolutionProperties) = preSolution
		HideSolutionNode = FALSE
	EndGlobalSection
	GlobalSection(ExtensibilityGlobals) = postSolution
		SolutionGuid = {E1031718-5CD7-488F-8824-AC2C4AA489A4}
	EndGlobalSection
EndGlobal
